
Microsoft Visual Studio Solution File, Format Version 12.00
# Visual Studio Version 17
VisualStudioVersion = 17.4.33205.214
MinimumVisualStudioVersion = 10.0.40219.1
Project("{FAE04EC0-301F-11D3-BF4B-00C04F79EFBC}") = "IdentityProject", "IdentityProject.csproj", "{53A0F053-64F4-4C8A-904D-ABD0BC4B7378}"
EndProject
Global
	GlobalSection(SolutionConfigurationPlatforms) = preSolution
		Debug|Any CPU = Debug|Any CPU
		Release|Any CPU = Release|Any CPU
	EndGlobalSection
	GlobalSection(ProjectConfigurationPlatforms) = postSolution
		{53A0F053-64F4-4C8A-904D-ABD0BC4B7378}.Debug|Any CPU.ActiveCfg = Debug|Any CPU
		{53A0F053-64F4-4C8A-904D-ABD0BC4B7378}.Debug|Any CPU.Build.0 = Debug|Any CPU
		{53A0F053-64F4-4C8A-904D-ABD0BC4B7378}.Release|Any CPU.ActiveCfg = Release|Any CPU
		{53A0F053-64F4-4C8A-904D-ABD0BC4B7378}.Release|Any CPU.Build.0 = Release|Any CPU
	EndGlobalSection
	GlobalSection(SolutionProperties) = preSolution
		HideSolutionNode = FALSE
	EndGlobalSection
	GlobalSection(ExtensibilityGlobals) = postSolution
		SolutionGuid = {FA5D62C6-36E6-4B8F-8CF7-CCBDE68CC43A}
	EndGlobalSection
EndGlobal
